
Microsoft Visual Studio Solution File, Format Version 12.00
# Visual Studio Version 17
VisualStudioVersion = 17.8.34004.107
MinimumVisualStudioVersion = 10.0.40219.1
Project("{2150E333-8FDC-42A3-9474-1A3956D46DE8}") = "Shared", "Shared", "{0FC0BBE7-C5CC-4844-8BCA-916E4F0D7C01}"
EndProject
Project("{2150E333-8FDC-42A3-9474-1A3956D46DE8}") = "RemoteViewing", "RemoteViewing", "{90BE6B1B-4017-4B66-993D-98F3C65D99C9}"
EndProject
Project("{2150E333-8FDC-42A3-9474-1A3956D46DE8}") = "Shared", "Shared", "{919595C5-D789-42A7-B85F-8F7844CD062C}"
EndProject
Project("{9A19103F-16F7-4668-BE54-9A1E7A4F7556}") = "ASW.RemoteViewing", "RemoteViewing\ASW.RemoteViewing\ASW.RemoteViewing\ASW.RemoteViewing.csproj", "{ABABB289-B9EA-49E4-9250-1A6E48311C78}"
EndProject
Project("{9A19103F-16F7-4668-BE54-9A1E7A4F7556}") = "ASW.RemoteViewing.Client", "RemoteViewing\ASW.RemoteViewing\ASW.RemoteViewing.Client\ASW.RemoteViewing.Client.csproj", "{648F005D-88E3-4F65-B2FD-7C0771D1A696}"
EndProject
Project("{9A19103F-16F7-4668-BE54-9A1E7A4F7556}") = "ASW.RemoteViewing.Shared.Responses", "RemoteViewing\Shared\ASW.RemoteViewing.Shared.Responses\ASW.RemoteViewing.Shared.Responses.csproj", "{311897E5-6196-430E-9CD2-3F4B286E2040}"
EndProject
Project("{9A19103F-16F7-4668-BE54-9A1E7A4F7556}") = "ASW.RemoteViewing.Shared.Requests", "RemoteViewing\Shared\ASW.RemoteViewing.Shared.Requests\ASW.RemoteViewing.Shared.Requests.csproj", "{E47D7F45-ED7C-464E-B3F9-2EC93D08790F}"
EndProject
Project("{9A19103F-16F7-4668-BE54-9A1E7A4F7556}") = "ASW.RemoteViewing.Shared.Dto", "RemoteViewing\Shared\ASW.RemoteViewing.Shared.Dto\ASW.RemoteViewing.Shared.Dto.csproj", "{89B99973-D6F5-4C77-9519-DD65761C08D0}"
EndProject
Project("{FAE04EC0-301F-11D3-BF4B-00C04F79EFBC}") = "ASW.RemoteViewing.Shared.Constants", "RemoteViewing\Shared\ASW.RemoteViewing.Shared.Constants\ASW.RemoteViewing.Shared.Constants.csproj", "{505DA9F0-07FA-426C-8F16-F15D9103E9EE}"
EndProject
Project("{FAE04EC0-301F-11D3-BF4B-00C04F79EFBC}") = "ASW.Shared.Dto", "Shared\ASW.Shared.Dto\ASW.Shared.Dto.csproj", "{6934DA89-A64F-4A54-9A9A-EAC287EAC34B}"
EndProject
Project("{FAE04EC0-301F-11D3-BF4B-00C04F79EFBC}") = "ASW.Shared.Extentions", "Shared\ASW.Shared.Extentions\ASW.Shared.Extentions.csproj", "{BA5963F6-3925-4D94-B8DF-6FD61A94DB8C}"
EndProject
Project("{FAE04EC0-301F-11D3-BF4B-00C04F79EFBC}") = "ASW.Shared.Requests", "Shared\ASW.Shared.Requests\ASW.Shared.Requests.csproj", "{6A88A4F4-1E30-4A80-8F04-AB538C218243}"
EndProject
Project("{2150E333-8FDC-42A3-9474-1A3956D46DE8}") = "Tests", "Tests", "{36D591C7-65C7-A0D1-1CBC-10CDE441BDC8}"
EndProject
Project("{2150E333-8FDC-42A3-9474-1A3956D46DE8}") = "Unit", "Unit", "{80AE8988-F743-40AA-A62A-33E854C14B8E}"
EndProject
Project("{2150E333-8FDC-42A3-9474-1A3956D46DE8}") = "Integration", "Integration", "{27F387F8-6BC2-4E5C-9FFF-123C57A5CC70}"
EndProject
Project("{FAE04EC0-301F-11D3-BF4B-00C04F79EFBC}") = "ASW.RemoteViewing.Tests.Unit", "RemoteViewing\Tests\Unit\ASW.RemoteViewing.Tests.Unit\ASW.RemoteViewing.Tests.Unit.csproj", "{317AB821-29AF-473A-AF8A-A799829573FA}"
EndProject
Project("{FAE04EC0-301F-11D3-BF4B-00C04F79EFBC}") = "ASW.RemoteViewing.Shared.Security", "RemoteViewing\Shared\ASW.RemoteViewing.Shared.Security\ASW.RemoteViewing.Shared.Security.csproj", "{C70EB874-9867-48C4-949F-DC097611479A}"
EndProject
Global
	GlobalSection(SolutionConfigurationPlatforms) = preSolution
		Debug|Any CPU = Debug|Any CPU
		Debug|x86 = Debug|x86
		Release|Any CPU = Release|Any CPU
		Release|x86 = Release|x86
	EndGlobalSection
	GlobalSection(ProjectConfigurationPlatforms) = postSolution
		{ABABB289-B9EA-49E4-9250-1A6E48311C78}.Debug|Any CPU.ActiveCfg = Debug|Any CPU
		{ABABB289-B9EA-49E4-9250-1A6E48311C78}.Debug|Any CPU.Build.0 = Debug|Any CPU
		{ABABB289-B9EA-49E4-9250-1A6E48311C78}.Debug|x86.ActiveCfg = Debug|Any CPU
		{ABABB289-B9EA-49E4-9250-1A6E48311C78}.Debug|x86.Build.0 = Debug|Any CPU
		{ABABB289-B9EA-49E4-9250-1A6E48311C78}.Release|Any CPU.ActiveCfg = Release|Any CPU
		{ABABB289-B9EA-49E4-9250-1A6E48311C78}.Release|Any CPU.Build.0 = Release|Any CPU
		{ABABB289-B9EA-49E4-9250-1A6E48311C78}.Release|x86.ActiveCfg = Release|Any CPU
		{ABABB289-B9EA-49E4-9250-1A6E48311C78}.Release|x86.Build.0 = Release|Any CPU
		{648F005D-88E3-4F65-B2FD-7C0771D1A696}.Debug|Any CPU.ActiveCfg = Debug|Any CPU
		{648F005D-88E3-4F65-B2FD-7C0771D1A696}.Debug|Any CPU.Build.0 = Debug|Any CPU
		{648F005D-88E3-4F65-B2FD-7C0771D1A696}.Debug|x86.ActiveCfg = Debug|Any CPU
		{648F005D-88E3-4F65-B2FD-7C0771D1A696}.Debug|x86.Build.0 = Debug|Any CPU
		{648F005D-88E3-4F65-B2FD-7C0771D1A696}.Release|Any CPU.ActiveCfg = Release|Any CPU
		{648F005D-88E3-4F65-B2FD-7C0771D1A696}.Release|Any CPU.Build.0 = Release|Any CPU
		{648F005D-88E3-4F65-B2FD-7C0771D1A696}.Release|x86.ActiveCfg = Release|Any CPU
		{648F005D-88E3-4F65-B2FD-7C0771D1A696}.Release|x86.Build.0 = Release|Any CPU
		{311897E5-6196-430E-9CD2-3F4B286E2040}.Debug|Any CPU.ActiveCfg = Debug|Any CPU
		{311897E5-6196-430E-9CD2-3F4B286E2040}.Debug|Any CPU.Build.0 = Debug|Any CPU
		{311897E5-6196-430E-9CD2-3F4B286E2040}.Debug|x86.ActiveCfg = Debug|Any CPU
		{311897E5-6196-430E-9CD2-3F4B286E2040}.Debug|x86.Build.0 = Debug|Any CPU
		{311897E5-6196-430E-9CD2-3F4B286E2040}.Release|Any CPU.ActiveCfg = Release|Any CPU
		{311897E5-6196-430E-9CD2-3F4B286E2040}.Release|Any CPU.Build.0 = Release|Any CPU
		{311897E5-6196-430E-9CD2-3F4B286E2040}.Release|x86.ActiveCfg = Release|Any CPU
		{311897E5-6196-430E-9CD2-3F4B286E2040}.Release|x86.Build.0 = Release|Any CPU
		{E47D7F45-ED7C-464E-B3F9-2EC93D08790F}.Debug|Any CPU.ActiveCfg = Debug|Any CPU
		{E47D7F45-ED7C-464E-B3F9-2EC93D08790F}.Debug|Any CPU.Build.0 = Debug|Any CPU
		{E47D7F45-ED7C-464E-B3F9-2EC93D08790F}.Debug|x86.ActiveCfg = Debug|Any CPU
		{E47D7F45-ED7C-464E-B3F9-2EC93D08790F}.Debug|x86.Build.0 = Debug|Any CPU
		{E47D7F45-ED7C-464E-B3F9-2EC93D08790F}.Release|Any CPU.ActiveCfg = Release|Any CPU
		{E47D7F45-ED7C-464E-B3F9-2EC93D08790F}.Release|Any CPU.Build.0 = Release|Any CPU
		{E47D7F45-ED7C-464E-B3F9-2EC93D08790F}.Release|x86.ActiveCfg = Release|Any CPU
		{E47D7F45-ED7C-464E-B3F9-2EC93D08790F}.Release|x86.Build.0 = Release|Any CPU
		{89B99973-D6F5-4C77-9519-DD65761C08D0}.Debug|Any CPU.ActiveCfg = Debug|Any CPU
		{89B99973-D6F5-4C77-9519-DD65761C08D0}.Debug|Any CPU.Build.0 = Debug|Any CPU
		{89B99973-D6F5-4C77-9519-DD65761C08D0}.Debug|x86.ActiveCfg = Debug|Any CPU
		{89B99973-D6F5-4C77-9519-DD65761C08D0}.Debug|x86.Build.0 = Debug|Any CPU
		{89B99973-D6F5-4C77-9519-DD65761C08D0}.Release|Any CPU.ActiveCfg = Release|Any CPU
		{89B99973-D6F5-4C77-9519-DD65761C08D0}.Release|Any CPU.Build.0 = Release|Any CPU
		{89B99973-D6F5-4C77-9519-DD65761C08D0}.Release|x86.ActiveCfg = Release|Any CPU
		{89B99973-D6F5-4C77-9519-DD65761C08D0}.Release|x86.Build.0 = Release|Any CPU
		{505DA9F0-07FA-426C-8F16-F15D9103E9EE}.Debug|Any CPU.ActiveCfg = Debug|Any CPU
		{505DA9F0-07FA-426C-8F16-F15D9103E9EE}.Debug|Any CPU.Build.0 = Debug|Any CPU
		{505DA9F0-07FA-426C-8F16-F15D9103E9EE}.Debug|x86.ActiveCfg = Debug|Any CPU
		{505DA9F0-07FA-426C-8F16-F15D9103E9EE}.Debug|x86.Build.0 = Debug|Any CPU
		{505DA9F0-07FA-426C-8F16-F15D9103E9EE}.Release|Any CPU.ActiveCfg = Release|Any CPU
		{505DA9F0-07FA-426C-8F16-F15D9103E9EE}.Release|Any CPU.Build.0 = Release|Any CPU
		{505DA9F0-07FA-426C-8F16-F15D9103E9EE}.Release|x86.ActiveCfg = Release|Any CPU
		{505DA9F0-07FA-426C-8F16-F15D9103E9EE}.Release|x86.Build.0 = Release|Any CPU
		{6934DA89-A64F-4A54-9A9A-EAC287EAC34B}.Debug|Any CPU.ActiveCfg = Debug|Any CPU
		{6934DA89-A64F-4A54-9A9A-EAC287EAC34B}.Debug|Any CPU.Build.0 = Debug|Any CPU
		{6934DA89-A64F-4A54-9A9A-EAC287EAC34B}.Debug|x86.ActiveCfg = Debug|Any CPU
		{6934DA89-A64F-4A54-9A9A-EAC287EAC34B}.Debug|x86.Build.0 = Debug|Any CPU
		{6934DA89-A64F-4A54-9A9A-EAC287EAC34B}.Release|Any CPU.ActiveCfg = Release|Any CPU
		{6934DA89-A64F-4A54-9A9A-EAC287EAC34B}.Release|Any CPU.Build.0 = Release|Any CPU
		{6934DA89-A64F-4A54-9A9A-EAC287EAC34B}.Release|x86.ActiveCfg = Release|Any CPU
		{6934DA89-A64F-4A54-9A9A-EAC287EAC34B}.Release|x86.Build.0 = Release|Any CPU
		{BA5963F6-3925-4D94-B8DF-6FD61A94DB8C}.Debug|Any CPU.ActiveCfg = Debug|Any CPU
		{BA5963F6-3925-4D94-B8DF-6FD61A94DB8C}.Debug|Any CPU.Build.0 = Debug|Any CPU
		{BA5963F6-3925-4D94-B8DF-6FD61A94DB8C}.Debug|x86.ActiveCfg = Debug|Any CPU
		{BA5963F6-3925-4D94-B8DF-6FD61A94DB8C}.Debug|x86.Build.0 = Debug|Any CPU
		{BA5963F6-3925-4D94-B8DF-6FD61A94DB8C}.Release|Any CPU.ActiveCfg = Release|Any CPU
		{BA5963F6-3925-4D94-B8DF-6FD61A94DB8C}.Release|Any CPU.Build.0 = Release|Any CPU
		{BA5963F6-3925-4D94-B8DF-6FD61A94DB8C}.Release|x86.ActiveCfg = Release|Any CPU
		{BA5963F6-3925-4D94-B8DF-6FD61A94DB8C}.Release|x86.Build.0 = Release|Any CPU
		{6A88A4F4-1E30-4A80-8F04-AB538C218243}.Debug|Any CPU.ActiveCfg = Debug|Any CPU
		{6A88A4F4-1E30-4A80-8F04-AB538C218243}.Debug|Any CPU.Build.0 = Debug|Any CPU
		{6A88A4F4-1E30-4A80-8F04-AB538C218243}.Debug|x86.ActiveCfg = Debug|Any CPU
		{6A88A4F4-1E30-4A80-8F04-AB538C218243}.Debug|x86.Build.0 = Debug|Any CPU
		{6A88A4F4-1E30-4A80-8F04-AB538C218243}.Release|Any CPU.ActiveCfg = Release|Any CPU
		{6A88A4F4-1E30-4A80-8F04-AB538C218243}.Release|Any CPU.Build.0 = Release|Any CPU
		{6A88A4F4-1E30-4A80-8F04-AB538C218243}.Release|x86.ActiveCfg = Release|Any CPU
		{6A88A4F4-1E30-4A80-8F04-AB538C218243}.Release|x86.Build.0 = Release|Any CPU
		{317AB821-29AF-473A-AF8A-A799829573FA}.Debug|Any CPU.ActiveCfg = Debug|Any CPU
		{317AB821-29AF-473A-AF8A-A799829573FA}.Debug|Any CPU.Build.0 = Debug|Any CPU
		{317AB821-29AF-473A-AF8A-A799829573FA}.Debug|x86.ActiveCfg = Debug|Any CPU
		{317AB821-29AF-473A-AF8A-A799829573FA}.Debug|x86.Build.0 = Debug|Any CPU
		{317AB821-29AF-473A-AF8A-A799829573FA}.Release|Any CPU.ActiveCfg = Release|Any CPU
		{317AB821-29AF-473A-AF8A-A799829573FA}.Release|Any CPU.Build.0 = Release|Any CPU
		{317AB821-29AF-473A-AF8A-A799829573FA}.Release|x86.ActiveCfg = Release|Any CPU
		{317AB821-29AF-473A-AF8A-A799829573FA}.Release|x86.Build.0 = Release|Any CPU
		{C70EB874-9867-48C4-949F-DC097611479A}.Debug|Any CPU.ActiveCfg = Debug|Any CPU
		{C70EB874-9867-48C4-949F-DC097611479A}.Debug|Any CPU.Build.0 = Debug|Any CPU
		{C70EB874-9867-48C4-949F-DC097611479A}.Debug|x86.ActiveCfg = Debug|Any CPU
		{C70EB874-9867-48C4-949F-DC097611479A}.Debug|x86.Build.0 = Debug|Any CPU
		{C70EB874-9867-48C4-949F-DC097611479A}.Release|Any CPU.ActiveCfg = Release|Any CPU
		{C70EB874-9867-48C4-949F-DC097611479A}.Release|Any CPU.Build.0 = Release|Any CPU
		{C70EB874-9867-48C4-949F-DC097611479A}.Release|x86.ActiveCfg = Release|Any CPU
		{C70EB874-9867-48C4-949F-DC097611479A}.Release|x86.Build.0 = Release|Any CPU
	EndGlobalSection
	GlobalSection(SolutionProperties) = preSolution
		HideSolutionNode = FALSE
	EndGlobalSection
	GlobalSection(NestedProjects) = preSolution
		{0FC0BBE7-C5CC-4844-8BCA-916E4F0D7C01} = {90BE6B1B-4017-4B66-993D-98F3C65D99C9}
		{ABABB289-B9EA-49E4-9250-1A6E48311C78} = {90BE6B1B-4017-4B66-993D-98F3C65D99C9}
		{648F005D-88E3-4F65-B2FD-7C0771D1A696} = {90BE6B1B-4017-4B66-993D-98F3C65D99C9}
		{311897E5-6196-430E-9CD2-3F4B286E2040} = {0FC0BBE7-C5CC-4844-8BCA-916E4F0D7C01}
		{E47D7F45-ED7C-464E-B3F9-2EC93D08790F} = {0FC0BBE7-C5CC-4844-8BCA-916E4F0D7C01}
		{89B99973-D6F5-4C77-9519-DD65761C08D0} = {0FC0BBE7-C5CC-4844-8BCA-916E4F0D7C01}
		{505DA9F0-07FA-426C-8F16-F15D9103E9EE} = {0FC0BBE7-C5CC-4844-8BCA-916E4F0D7C01}
		{6934DA89-A64F-4A54-9A9A-EAC287EAC34B} = {919595C5-D789-42A7-B85F-8F7844CD062C}
		{BA5963F6-3925-4D94-B8DF-6FD61A94DB8C} = {919595C5-D789-42A7-B85F-8F7844CD062C}
		{6A88A4F4-1E30-4A80-8F04-AB538C218243} = {919595C5-D789-42A7-B85F-8F7844CD062C}
		{36D591C7-65C7-A0D1-1CBC-10CDE441BDC8} = {90BE6B1B-4017-4B66-993D-98F3C65D99C9}
		{80AE8988-F743-40AA-A62A-33E854C14B8E} = {36D591C7-65C7-A0D1-1CBC-10CDE441BDC8}
		{27F387F8-6BC2-4E5C-9FFF-123C57A5CC70} = {36D591C7-65C7-A0D1-1CBC-10CDE441BDC8}
		{317AB821-29AF-473A-AF8A-A799829573FA} = {80AE8988-F743-40AA-A62A-33E854C14B8E}
		{C70EB874-9867-48C4-949F-DC097611479A} = {0FC0BBE7-C5CC-4844-8BCA-916E4F0D7C01}
	EndGlobalSection
	GlobalSection(ExtensibilityGlobals) = postSolution
		SolutionGuid = {BD97739C-6BF2-4CA5-ABDE-9872CD1AD6FA}
	EndGlobalSection
EndGlobal
